{
    "_readme": [
        "This file locks the dependencies of your project to a known state",
        "Read more about it at https://getcomposer.org/doc/01-basic-usage.md#installing-dependencies",
        "This file is @generated automatically"
    ],
    "content-hash": "056a5873e9a681f80ba0f4d1ecf0c719",
    "packages": [
        {
            "name": "rlanvin/php-ip",
            "version": "v2.1.0",
            "source": {
                "type": "git",
                "url": "https://github.com/rlanvin/php-ip.git",
                "reference": "1bea521987f3c7db5f4b9f17f321e90feaefad11"
            },
            "dist": {
                "type": "zip",
                "url": "https://api.github.com/repos/rlanvin/php-ip/zipball/1bea521987f3c7db5f4b9f17f321e90feaefad11",
                "reference": "1bea521987f3c7db5f4b9f17f321e90feaefad11",
                "shasum": ""
            },
            "require": {
                "ext-gmp": "*",
                "php": "~7.0"
            },
            "require-dev": {
                "phpunit/phpunit": ">=6.5 <8.1"
            },
            "type": "library",
            "autoload": {
                "psr-4": {
                    "PhpIP\\": "src/"
                }
            },
            "notification-url": "https://packagist.org/downloads/",
            "license": [
                "MIT"
            ],
            "description": "IPv4/IPv6 manipulation library for PHP",
            "homepage": "https://github.com/rlanvin/php-ip",
            "keywords": [
                "IP",
                "ipv4",
                "ipv6"
            ],
            "time": "2020-10-31T12:31:56+00:00"
        }
    ],
    "packages-dev": [],
    "aliases": [],
    "minimum-stability": "stable",
    "stability-flags": [],
    "prefer-stable": false,
    "prefer-lowest": false,
    "platform": [],
    "platform-dev": [],
    "plugin-api-version": "1.1.0"
}
